
Microsoft Visual Studio Solution File, Format Version 12.00
# Visual Studio Version 17
VisualStudioVersion = 17.2.32616.157
MinimumVisualStudioVersion = 10.0.40219.1
Project("{9A19103F-16F7-4668-BE54-9A1E7A4F7556}") = "EmployeeManager.MVC", "EmployeeManager\EmployeeManager.MVC.csproj", "{D5A9AF03-B1FD-4A6B-8A75-B9F3016602C5}"
EndProject
Project("{9A19103F-16F7-4668-BE54-9A1E7A4F7556}") = "EmployeeManager.RazorPages", "EmployeeManager.RazorPages\EmployeeManager.RazorPages.csproj", "{9A7CC429-8647-42B1-AEED-0062084D73A0}"
EndProject
Project("{FAE04EC0-301F-11D3-BF4B-00C04F79EFBC}") = "EmployeeManager.API", "EmployeeManager.API\EmployeeManager.API.csproj", "{12207B78-9F7D-48A0-82FC-5F3B0F338294}"
EndProject
Global
	GlobalSection(SolutionConfigurationPlatforms) = preSolution
		Debug|Any CPU = Debug|Any CPU
		Release|Any CPU = Release|Any CPU
	EndGlobalSection
	GlobalSection(ProjectConfigurationPlatforms) = postSolution
		{D5A9AF03-B1FD-4A6B-8A75-B9F3016602C5}.Debug|Any CPU.ActiveCfg = Debug|Any CPU
		{D5A9AF03-B1FD-4A6B-8A75-B9F3016602C5}.Debug|Any CPU.Build.0 = Debug|Any CPU
		{D5A9AF03-B1FD-4A6B-8A75-B9F3016602C5}.Release|Any CPU.ActiveCfg = Release|Any CPU
		{D5A9AF03-B1FD-4A6B-8A75-B9F3016602C5}.Release|Any CPU.Build.0 = Release|Any CPU
		{9A7CC429-8647-42B1-AEED-0062084D73A0}.Debug|Any CPU.ActiveCfg = Debug|Any CPU
		{9A7CC429-8647-42B1-AEED-0062084D73A0}.Debug|Any CPU.Build.0 = Debug|Any CPU
		{9A7CC429-8647-42B1-AEED-0062084D73A0}.Release|Any CPU.ActiveCfg = Release|Any CPU
		{9A7CC429-8647-42B1-AEED-0062084D73A0}.Release|Any CPU.Build.0 = Release|Any CPU
		{12207B78-9F7D-48A0-82FC-5F3B0F338294}.Debug|Any CPU.ActiveCfg = Debug|Any CPU
		{12207B78-9F7D-48A0-82FC-5F3B0F338294}.Debug|Any CPU.Build.0 = Debug|Any CPU
		{12207B78-9F7D-48A0-82FC-5F3B0F338294}.Release|Any CPU.ActiveCfg = Release|Any CPU
		{12207B78-9F7D-48A0-82FC-5F3B0F338294}.Release|Any CPU.Build.0 = Release|Any CPU
	EndGlobalSection
	GlobalSection(SolutionProperties) = preSolution
		HideSolutionNode = FALSE
	EndGlobalSection
	GlobalSection(ExtensibilityGlobals) = postSolution
		SolutionGuid = {FC45769F-EB97-4EE5-8DFD-B10B88E93BE8}
	EndGlobalSection
EndGlobal
